<?xml version="1.0" encoding="utf-8"?>
<Project ToolsVersion="4.0" xmlns="http://schemas.microsoft.com/developer/msbuild/2003">
  <ItemGroup>
    <Filter Include="Source Files">
      <UniqueIdentifier>{4FC737F1-C7A5-4376-A066-2A32D752A2FF}</UniqueIdentifier>
      <Extensions>cpp;c;cc;cxx;def;odl;idl;hpj;bat;asm;asmx</Extensions>
    </Filter>
    <Filter Include="Header Files">
      <UniqueIdentifier>{93995380-89BD-4b04-88EB-625FBE52EBFB}</UniqueIdentifier>
      <Extensions>h;hh;hpp;hxx;hm;inl;inc;xsd</Extensions>
    </Filter>
    <Filter Include="Resource Files">
      <UniqueIdentifier>{67DA6AB6-F800-4c08-8B7A-83BB121AAD01}</UniqueIdentifier>
      <Extensions>rc;ico;cur;bmp;dlg;rc2;rct;bin;rgs;gif;jpg;jpeg;jpe;resx;tiff;tif;png;wav;mfcribbon-ms</Extensions>
    </Filter>
    <Filter Include="Core">
      <UniqueIdentifier>{68035fd9-758b-43bc-863c-1c789db44921}</UniqueIdentifier>
    </Filter>
    <Filter Include="Dependencies">
      <UniqueIdentifier>{324fd4dd-c9fd-49f2-9300-26fd1374ab0c}</UniqueIdentifier>
    </Filter>
  </ItemGroup>
  <ItemGroup>
    <ClCompile Include="main.cpp">
      <Filter>Source Files</Filter>
    </ClCompile>
    <ClCompile Include="Managers\ShaderManager.cpp">
      <Filter>Source Files</Filter>
    </ClCompile>
    <ClCompile Include="Managers\SceneManager.cpp">
      <Filter>Source Files</Filter>
    </ClCompile>
    <ClCompile Include="Managers\ModelManager.cpp">
      <Filter>Source Files</Filter>
    </ClCompile>
    <ClCompile Include="Rendering\Camera.cpp">
      <Filter>Source Files</Filter>
    </ClCompile>
    <ClCompile Include="Collision\DummyMethod.cpp">
      <Filter>Source Files</Filter>
    </ClCompile>
    <ClCompile Include="Collision\SpatialGrid.cpp">
      <Filter>Source Files</Filter>
    </ClCompile>
    <ClCompile Include="Benchmark\FPSCounter.cpp">
      <Filter>Source Files</Filter>
    </ClCompile>
    <ClCompile Include="Collision\BVH.cpp">
      <Filter>Source Files</Filter>
    </ClCompile>
    <ClCompile Include="Collision\DataStructures\BVHTree.cpp">
      <Filter>Source Files</Filter>
    </ClCompile>
    <ClCompile Include="Collision\DataStructures\BoundingBox.cpp">
      <Filter>Source Files</Filter>
    </ClCompile>
    <ClCompile Include="Collision\DataStructures\OctreeNode.cpp">
      <Filter>Source Files</Filter>
    </ClCompile>
    <ClCompile Include="Collision\Octree.cpp">
      <Filter>Source Files</Filter>
    </ClCompile>
    <ClCompile Include="Collision\SweepAndPrune.cpp">
      <Filter>Source Files</Filter>
    </ClCompile>
    <ClCompile Include="Collision\SpatialHashing.cpp">
      <Filter>Source Files</Filter>
    </ClCompile>
    <ClCompile Include="Simulation\Scenario.cpp">
      <Filter>Source Files</Filter>
    </ClCompile>
    <ClCompile Include="Simulation\ScenarioGenerator.cpp">
      <Filter>Source Files</Filter>
    </ClCompile>
    <ClCompile Include="Core\DeltaTime.cpp">
      <Filter>Source Files</Filter>
    </ClCompile>
    <ClCompile Include="Collision\SeparatingAxisTheorem.cpp">
      <Filter>Source Files</Filter>
    </ClCompile>
    <ClCompile Include="Benchmark\Plotter.cpp">
      <Filter>Source Files</Filter>
    </ClCompile>
    <ClCompile Include="Core\InitGLUT.cpp">
      <Filter>Source Files</Filter>
    </ClCompile>
    <ClCompile Include="Rendering\ShapeRenderer.cpp">
      <Filter>Source Files</Filter>
    </ClCompile>
    <ClCompile Include="Managers\BenchmarkResultManager.cpp">
      <Filter>Source Files</Filter>
    </ClCompile>
    <ClCompile Include="Collision\SpatialGridOptimized.cpp">
      <Filter>Source Files</Filter>
    </ClCompile>
    <ClCompile Include="Managers\PhysicsManager.cpp">
      <Filter>Source Files</Filter>
    </ClCompile>
    <ClCompile Include="Collision\SphereToSphereTest.cpp">
      <Filter>Source Files</Filter>
    </ClCompile>
    <ClCompile Include="Managers\BachelorSimulationManager.cpp">
      <Filter>Source Files</Filter>
    </ClCompile>
    <ClCompile Include="Managers\MastersSimulationManager.cpp">
      <Filter>Source Files</Filter>
    </ClCompile>
    <ClCompile Include="Rendering\VisualBody.cpp">
      <Filter>Source Files</Filter>
    </ClCompile>
    <ClCompile Include="Collision\NarrowBVH.cpp">
      <Filter>Source Files</Filter>
    </ClCompile>
    <ClCompile Include="Physics\ClothNode.cpp">
      <Filter>Source Files</Filter>
    </ClCompile>
    <ClCompile Include="Physics\Constraint.cpp">
      <Filter>Source Files</Filter>
    </ClCompile>
    <ClCompile Include="Physics\Edge.cpp">
      <Filter>Source Files</Filter>
    </ClCompile>
    <ClCompile Include="Physics\RigidBody.cpp">
      <Filter>Source Files</Filter>
    </ClCompile>
    <ClCompile Include="Physics\DeformableBody.cpp">
      <Filter>Source Files</Filter>
    </ClCompile>
    <ClCompile Include="Physics\CollisionTriangle.cpp">
      <Filter>Source Files</Filter>
    </ClCompile>
    <ClCompile Include="Physics\Plane.cpp">
      <Filter>Source Files</Filter>
    </ClCompile>
    <ClCompile Include="Rendering\VisualBodyFactory.cpp">
      <Filter>Source Files</Filter>
    </ClCompile>
    <ClCompile Include="Rendering\SceneObject.cpp">
      <Filter>Source Files</Filter>
    </ClCompile>
    <ClCompile Include="Physics\StretchConstraint.cpp">
      <Filter>Source Files</Filter>
    </ClCompile>
    <ClCompile Include="Physics\BendConstraint.cpp">
      <Filter>Source Files</Filter>
    </ClCompile>
    <ClCompile Include="Physics\RigidConstraint.cpp">
      <Filter>Source Files</Filter>
    </ClCompile>
    <ClCompile Include="Physics\ClothTriangle.cpp">
      <Filter>Source Files</Filter>
    </ClCompile>
    <ClCompile Include="Collision\NarrowSpatialHashing.cpp">
      <Filter>Source Files</Filter>
    </ClCompile>
    <ClCompile Include="Physics\PointTriangleSelfConstraint.cpp">
      <Filter>Source Files</Filter>
    </ClCompile>
    <ClCompile Include="Collision\DataStructures\ContactData.cpp">
      <Filter>Source Files</Filter>
    </ClCompile>
    <ClCompile Include="Collision\DataStructures\PointTriangleContactData.cpp">
      <Filter>Source Files</Filter>
    </ClCompile>
    <ClCompile Include="Collision\DataStructures\EdgeEdgeContactData.cpp">
      <Filter>Source Files</Filter>
    </ClCompile>
    <ClCompile Include="Physics\CubicSolver.cpp">
      <Filter>Source Files</Filter>
    </ClCompile>
    <ClCompile Include="Physics\RigidImpactZone.cpp">
      <Filter>Source Files</Filter>
    </ClCompile>
    <ClCompile Include="Physics\DisjointSet.cpp">
      <Filter>Source Files</Filter>
    </ClCompile>
    <ClCompile Include="Rendering\Texture.cpp">
      <Filter>Source Files</Filter>
    </ClCompile>
    <ClCompile Include="Core\ScriptLoader.cpp">
      <Filter>Source Files</Filter>
    </ClCompile>
    <ClCompile Include="Core\TimeUtils.cpp">
      <Filter>Source Files</Filter>
    </ClCompile>
    <ClCompile Include="Rendering\ParticleSystem.cpp">
      <Filter>Source Files</Filter>
    </ClCompile>
  </ItemGroup>
  <ItemGroup>
    <ClInclude Include="Dependencies\glm\common.hpp">
      <Filter>Header Files</Filter>
    </ClInclude>
    <ClInclude Include="Dependencies\glm\exponential.hpp">
      <Filter>Header Files</Filter>
    </ClInclude>
    <ClInclude Include="Dependencies\glm\ext.hpp">
      <Filter>Header Files</Filter>
    </ClInclude>
    <ClInclude Include="Dependencies\glm\fwd.hpp">
      <Filter>Header Files</Filter>
    </ClInclude>
    <ClInclude Include="Dependencies\glm\geometric.hpp">
      <Filter>Header Files</Filter>
    </ClInclude>
    <ClInclude Include="Dependencies\glm\glm.hpp">
      <Filter>Header Files</Filter>
    </ClInclude>
    <ClInclude Include="Dependencies\glm\integer.hpp">
      <Filter>Header Files</Filter>
    </ClInclude>
    <ClInclude Include="Dependencies\glm\mat2x2.hpp">
      <Filter>Header Files</Filter>
    </ClInclude>
    <ClInclude Include="Dependencies\glm\mat2x3.hpp">
      <Filter>Header Files</Filter>
    </ClInclude>
    <ClInclude Include="Dependencies\glm\mat2x4.hpp">
      <Filter>Header Files</Filter>
    </ClInclude>
    <ClInclude Include="Dependencies\glm\mat3x2.hpp">
      <Filter>Header Files</Filter>
    </ClInclude>
    <ClInclude Include="Dependencies\glm\mat3x3.hpp">
      <Filter>Header Files</Filter>
    </ClInclude>
    <ClInclude Include="Dependencies\glm\mat3x4.hpp">
      <Filter>Header Files</Filter>
    </ClInclude>
    <ClInclude Include="Dependencies\glm\mat4x2.hpp">
      <Filter>Header Files</Filter>
    </ClInclude>
    <ClInclude Include="Dependencies\glm\mat4x3.hpp">
      <Filter>Header Files</Filter>
    </ClInclude>
    <ClInclude Include="Dependencies\glm\mat4x4.hpp">
      <Filter>Header Files</Filter>
    </ClInclude>
    <ClInclude Include="Dependencies\glm\matrix.hpp">
      <Filter>Header Files</Filter>
    </ClInclude>
    <ClInclude Include="Dependencies\glm\packing.hpp">
      <Filter>Header Files</Filter>
    </ClInclude>
    <ClInclude Include="Dependencies\glm\trigonometric.hpp">
      <Filter>Header Files</Filter>
    </ClInclude>
    <ClInclude Include="Dependencies\glm\vec2.hpp">
      <Filter>Header Files</Filter>
    </ClInclude>
    <ClInclude Include="Dependencies\glm\vec3.hpp">
      <Filter>Header Files</Filter>
    </ClInclude>
    <ClInclude Include="Dependencies\glm\vec4.hpp">
      <Filter>Header Files</Filter>
    </ClInclude>
    <ClInclude Include="Dependencies\glm\vector_relational.hpp">
      <Filter>Header Files</Filter>
    </ClInclude>
    <ClInclude Include="Managers\ShaderManager.h">
      <Filter>Header Files</Filter>
    </ClInclude>
    <ClInclude Include="Core\Init\InitListener.h">
      <Filter>Header Files</Filter>
    </ClInclude>
    <ClInclude Include="Managers\SceneManager.h">
      <Filter>Header Files</Filter>
    </ClInclude>
    <ClInclude Include="Rendering\VertexFormat.h">
      <Filter>Header Files</Filter>
    </ClInclude>
    <ClInclude Include="Managers\ModelManager.h">
      <Filter>Header Files</Filter>
    </ClInclude>
    <ClInclude Include="Rendering\Camera.h">
      <Filter>Header Files</Filter>
    </ClInclude>
    <ClInclude Include="Collision\ICollisionMethod.h">
      <Filter>Header Files</Filter>
    </ClInclude>
    <ClInclude Include="Collision\DummyMethod.h">
      <Filter>Header Files</Filter>
    </ClInclude>
    <ClInclude Include="Collision\SpatialGrid.h">
      <Filter>Header Files</Filter>
    </ClInclude>
    <ClInclude Include="Benchmark\FPSCounter.h">
      <Filter>Header Files</Filter>
    </ClInclude>
    <ClInclude Include="Collision\BVH.h">
      <Filter>Header Files</Filter>
    </ClInclude>
    <ClInclude Include="Collision\DataStructures\BVHTree.h">
      <Filter>Header Files</Filter>
    </ClInclude>
    <ClInclude Include="Collision\DataStructures\BoundingBox.h">
      <Filter>Header Files</Filter>
    </ClInclude>
    <ClInclude Include="Collision\Octree.h">
      <Filter>Header Files</Filter>
    </ClInclude>
    <ClInclude Include="Collision\DataStructures\OctreeNode.h">
      <Filter>Header Files</Filter>
    </ClInclude>
    <ClInclude Include="Collision\SweepAndPrune.h">
      <Filter>Header Files</Filter>
    </ClInclude>
    <ClInclude Include="Collision\DataStructures\LinkedList.hpp">
      <Filter>Header Files</Filter>
    </ClInclude>
    <ClInclude Include="Collision\SpatialHashing.h">
      <Filter>Header Files</Filter>
    </ClInclude>
    <ClInclude Include="Simulation\Scenario.h">
      <Filter>Header Files</Filter>
    </ClInclude>
    <ClInclude Include="Core\Utils.hpp">
      <Filter>Header Files</Filter>
    </ClInclude>
    <ClInclude Include="Simulation\ScenarioGenerator.h">
      <Filter>Header Files</Filter>
    </ClInclude>
    <ClInclude Include="Core\DeltaTime.h">
      <Filter>Header Files</Filter>
    </ClInclude>
    <ClInclude Include="Collision\SeparatingAxisTheorem.h">
      <Filter>Header Files</Filter>
    </ClInclude>
    <ClInclude Include="Benchmark\Plotter.h">
      <Filter>Header Files</Filter>
    </ClInclude>
    <ClInclude Include="Core\InitGLUT.h">
      <Filter>Header Files</Filter>
    </ClInclude>
    <ClInclude Include="Rendering\ShapeRenderer.h">
      <Filter>Header Files</Filter>
    </ClInclude>
    <ClInclude Include="Managers\BenchmarkResultManager.h">
      <Filter>Header Files</Filter>
    </ClInclude>
    <ClInclude Include="Collision\SpatialGridOptimized.h">
      <Filter>Header Files</Filter>
    </ClInclude>
    <ClInclude Include="Collision\INarrowPhaseMethod.h">
      <Filter>Header Files</Filter>
    </ClInclude>
    <ClInclude Include="Managers\PhysicsManager.h">
      <Filter>Header Files</Filter>
    </ClInclude>
    <ClInclude Include="Collision\SphereToSphereTest.h">
      <Filter>Header Files</Filter>
    </ClInclude>
    <ClInclude Include="Managers\BachelorSimulationManager.h">
      <Filter>Header Files</Filter>
    </ClInclude>
    <ClInclude Include="Managers\ISimulationManager.h">
      <Filter>Header Files</Filter>
    </ClInclude>
    <ClInclude Include="Managers\MastersSimulationManager.h">
      <Filter>Header Files</Filter>
    </ClInclude>
    <ClInclude Include="Rendering\VisualBody.h">
      <Filter>Header Files</Filter>
    </ClInclude>
    <ClInclude Include="Collision\NarrowBVH.h">
      <Filter>Header Files</Filter>
    </ClInclude>
    <ClInclude Include="Physics\ClothNode.h">
      <Filter>Header Files</Filter>
    </ClInclude>
    <ClInclude Include="Physics\Constraint.h">
      <Filter>Header Files</Filter>
    </ClInclude>
    <ClInclude Include="Physics\Edge.h">
      <Filter>Header Files</Filter>
    </ClInclude>
    <ClInclude Include="Physics\IPhysicsbody.h">
      <Filter>Header Files</Filter>
    </ClInclude>
    <ClInclude Include="Physics\RigidBody.h">
      <Filter>Header Files</Filter>
    </ClInclude>
    <ClInclude Include="Physics\DeformableBody.h">
      <Filter>Header Files</Filter>
    </ClInclude>
    <ClInclude Include="Physics\CollisionTriangle.h">
      <Filter>Header Files</Filter>
    </ClInclude>
    <ClInclude Include="Physics\Plane.h">
      <Filter>Header Files</Filter>
    </ClInclude>
    <ClInclude Include="Rendering\VisualBodyFactory.h">
      <Filter>Header Files</Filter>
    </ClInclude>
    <ClInclude Include="Rendering\SceneObject.h">
      <Filter>Header Files</Filter>
    </ClInclude>
    <ClInclude Include="Physics\StretchConstraint.h">
      <Filter>Header Files</Filter>
    </ClInclude>
    <ClInclude Include="Physics\BendConstraint.h">
      <Filter>Header Files</Filter>
    </ClInclude>
    <ClInclude Include="Physics\RigidConstraint.h">
      <Filter>Header Files</Filter>
    </ClInclude>
    <ClInclude Include="Physics\ClothTriangle.h">
      <Filter>Header Files</Filter>
    </ClInclude>
    <ClInclude Include="Collision\NarrowSpatialHashing.h">
      <Filter>Header Files</Filter>
    </ClInclude>
    <ClInclude Include="Physics\PointTriangleSelfConstraint.h">
      <Filter>Header Files</Filter>
    </ClInclude>
    <ClInclude Include="Collision\DataStructures\ContactData.h">
      <Filter>Header Files</Filter>
    </ClInclude>
    <ClInclude Include="Collision\DataStructures\PointTriangleContactData.h">
      <Filter>Header Files</Filter>
    </ClInclude>
    <ClInclude Include="Collision\DataStructures\EdgeEdgeContactData.h">
      <Filter>Header Files</Filter>
    </ClInclude>
    <ClInclude Include="Physics\CubicSolver.h">
      <Filter>Header Files</Filter>
    </ClInclude>
    <ClInclude Include="Physics\RigidImpactZone.h">
      <Filter>Header Files</Filter>
    </ClInclude>
    <ClInclude Include="Physics\DisjointSet.h">
      <Filter>Header Files</Filter>
    </ClInclude>
    <ClInclude Include="Rendering\Texture.h">
      <Filter>Header Files</Filter>
    </ClInclude>
    <ClInclude Include="Core\ScriptLoader.h">
      <Filter>Header Files</Filter>
    </ClInclude>
    <ClInclude Include="Core\TimeUtils.h">
      <Filter>Header Files</Filter>
    </ClInclude>
    <ClInclude Include="Rendering\ParticleSystem.h">
      <Filter>Header Files</Filter>
    </ClInclude>
    <ClInclude Include="Physics\Structs.h">
      <Filter>Header Files</Filter>
    </ClInclude>
    <ClInclude Include="Dependencies\cub\util_allocator.cuh" />
    <ClInclude Include="Dependencies\cub\util_arch.cuh" />
    <ClInclude Include="Dependencies\cub\util_debug.cuh" />
    <ClInclude Include="Dependencies\cub\util_device.cuh" />
    <ClInclude Include="Dependencies\cub\util_macro.cuh" />
    <ClInclude Include="Dependencies\cub\util_namespace.cuh" />
    <ClInclude Include="Dependencies\cub\util_ptx.cuh" />
    <ClInclude Include="Dependencies\cub\util_type.cuh" />
    <ClInclude Include="Dependencies\cub\device\device_histogram.cuh" />
    <ClInclude Include="Dependencies\cub\device\device_partition.cuh" />
    <ClInclude Include="Dependencies\cub\device\device_radix_sort.cuh" />
    <ClInclude Include="Dependencies\cub\device\device_reduce.cuh" />
    <ClInclude Include="Dependencies\cub\device\device_run_length_encode.cuh" />
    <ClInclude Include="Dependencies\cub\device\device_segmented_radix_sort.cuh" />
    <ClInclude Include="Dependencies\cub\device\device_segmented_reduce.cuh" />
    <ClInclude Include="Dependencies\cub\device\device_select.cuh" />
    <ClInclude Include="Dependencies\cub\device\device_spmv.cuh" />
    <ClInclude Include="Dependencies\cub\agent\agent_histogram.cuh" />
    <ClInclude Include="Dependencies\cub\agent\agent_radix_sort_downsweep.cuh" />
    <ClInclude Include="Dependencies\cub\agent\agent_radix_sort_upsweep.cuh" />
    <ClInclude Include="Dependencies\cub\agent\agent_reduce.cuh" />
    <ClInclude Include="Dependencies\cub\agent\agent_reduce_by_key.cuh" />
    <ClInclude Include="Dependencies\cub\agent\agent_rle.cuh" />
    <ClInclude Include="Dependencies\cub\agent\agent_scan.cuh" />
    <ClInclude Include="Dependencies\cub\agent\agent_segment_fixup.cuh" />
    <ClInclude Include="Dependencies\cub\agent\agent_select_if.cuh" />
    <ClInclude Include="Dependencies\cub\agent\agent_spmv_orig.cuh" />
    <ClInclude Include="Dependencies\cub\agent\single_pass_scan_operators.cuh" />
    <ClInclude Include="Dependencies\cub\block\specializations\block_histogram_atomic.cuh" />
    <ClInclude Include="Dependencies\cub\block\specializations\block_histogram_sort.cuh" />
    <ClInclude Include="Dependencies\cub\block\specializations\block_reduce_raking.cuh" />
    <ClInclude Include="Dependencies\cub\block\specializations\block_reduce_raking_commutative_only.cuh" />
    <ClInclude Include="Dependencies\cub\block\specializations\block_reduce_warp_reductions.cuh" />
    <ClInclude Include="Dependencies\cub\block\specializations\block_scan_raking.cuh" />
    <ClInclude Include="Dependencies\cub\block\specializations\block_scan_warp_scans.cuh" />
    <ClInclude Include="Dependencies\cub\block\specializations\block_scan_warp_scans2.cuh" />
    <ClInclude Include="Dependencies\cub\block\specializations\block_scan_warp_scans3.cuh" />
    <ClInclude Include="Dependencies\cub\block\block_adjacent_difference.cuh" />
    <ClInclude Include="Dependencies\cub\block\block_discontinuity.cuh" />
    <ClInclude Include="Dependencies\cub\block\block_exchange.cuh" />
    <ClInclude Include="Dependencies\cub\block\block_histogram.cuh" />
    <ClInclude Include="Dependencies\cub\block\block_load.cuh" />
    <ClInclude Include="Dependencies\cub\block\block_radix_rank.cuh" />
    <ClInclude Include="Dependencies\cub\block\block_radix_sort.cuh" />
    <ClInclude Include="Dependencies\cub\block\block_raking_layout.cuh" />
    <ClInclude Include="Dependencies\cub\block\block_reduce.cuh" />
    <ClInclude Include="Dependencies\cub\block\block_scan.cuh" />
    <ClInclude Include="Dependencies\cub\block\block_shuffle.cuh" />
    <ClInclude Include="Dependencies\cub\block\block_store.cuh" />
    <ClInclude Include="Dependencies\cub\device\dispatch\dispatch_histogram.cuh" />
    <ClInclude Include="Dependencies\cub\device\dispatch\dispatch_radix_sort.cuh" />
    <ClInclude Include="Dependencies\cub\device\dispatch\dispatch_reduce.cuh" />
    <ClInclude Include="Dependencies\cub\device\dispatch\dispatch_reduce_by_key.cuh" />
    <ClInclude Include="Dependencies\cub\device\dispatch\dispatch_rle.cuh" />
    <ClInclude Include="Dependencies\cub\device\dispatch\dispatch_scan.cuh" />
    <ClInclude Include="Dependencies\cub\device\dispatch\dispatch_select_if.cuh" />
    <ClInclude Include="Dependencies\cub\device\dispatch\dispatch_spmv_orig.cuh" />
    <ClInclude Include="Dependencies\cub\grid\grid_barrier.cuh" />
    <ClInclude Include="Dependencies\cub\grid\grid_even_share.cuh" />
    <ClInclude Include="Dependencies\cub\grid\grid_mapping.cuh" />
    <ClInclude Include="Dependencies\cub\grid\grid_queue.cuh" />
    <ClInclude Include="Dependencies\cub\host\mutex.cuh" />
    <ClInclude Include="Dependencies\cub\iterator\arg_index_input_iterator.cuh" />
    <ClInclude Include="Dependencies\cub\iterator\cache_modified_input_iterator.cuh" />
    <ClInclude Include="Dependencies\cub\iterator\cache_modified_output_iterator.cuh" />
    <ClInclude Include="Dependencies\cub\iterator\constant_input_iterator.cuh" />
    <ClInclude Include="Dependencies\cub\iterator\counting_input_iterator.cuh" />
    <ClInclude Include="Dependencies\cub\iterator\discard_output_iterator.cuh" />
    <ClInclude Include="Dependencies\cub\iterator\tex_obj_input_iterator.cuh" />
    <ClInclude Include="Dependencies\cub\iterator\tex_ref_input_iterator.cuh" />
    <ClInclude Include="Dependencies\cub\iterator\transform_input_iterator.cuh" />
    <ClInclude Include="Dependencies\cub\thread\thread_load.cuh" />
    <ClInclude Include="Dependencies\cub\thread\thread_operators.cuh" />
    <ClInclude Include="Dependencies\cub\thread\thread_reduce.cuh" />
    <ClInclude Include="Dependencies\cub\thread\thread_scan.cuh" />
    <ClInclude Include="Dependencies\cub\thread\thread_search.cuh" />
    <ClInclude Include="Dependencies\cub\thread\thread_store.cuh" />
    <ClInclude Include="Dependencies\cub\warp\warp_reduce.cuh" />
    <ClInclude Include="Dependencies\cub\warp\warp_scan.cuh" />
    <ClInclude Include="Dependencies\cub\warp\specializations\warp_reduce_shfl.cuh" />
    <ClInclude Include="Dependencies\cub\warp\specializations\warp_reduce_smem.cuh" />
    <ClInclude Include="Dependencies\cub\warp\specializations\warp_scan_shfl.cuh" />
    <ClInclude Include="Dependencies\cub\warp\specializations\warp_scan_smem.cuh" />
    <ClInclude Include="Dependencies\cub\cub.cuh" />
    <ClInclude Include="Dependencies\cub\device\device_scan.cuh" />
  </ItemGroup>
  <ItemGroup>
    <None Include="Shaders\FragmentShader.glsl" />
    <None Include="Shaders\VertexShader.glsl" />
    <None Include="Shaders\TextFragmentShader.glsl" />
    <None Include="Shaders\TextVertexShader.glsl" />
  </ItemGroup>
  <ItemGroup>
    <Text Include="Dependencies\glm\CMakeLists.txt" />
  </ItemGroup>
  <ItemGroup>
    <CudaCompile Include="Core\CudaUtils.cu" />
    <CudaCompile Include="Physics\CudaMassSpring.cu" />
    <CudaCompile Include="Collision\CudaBVH.cu" />
    <CudaCompile Include="Physics\CudaDeformableUtils.cu" />
    <CudaCompile Include="Core\CudaUtils.cuh" />
    <CudaCompile Include="Collision\CudaBVH.cuh" />
    <CudaCompile Include="Physics\CudaDeformableUtils.cuh" />
    <CudaCompile Include="Physics\CudaMassSpring.cuh" />
    <CudaCompile Include="Physics\CudaDeformableBody.h" />
    <CudaCompile Include="Physics\CudaDeformableBody.cpp" />
    <CudaCompile Include="Core\CubWrappers.cu" />
    <CudaCompile Include="Core\CubWrappers.cuh" />
    <CudaCompile Include="Collision\CudaPrimitiveTests.cu" />
    <CudaCompile Include="Collision\CudaPrimitiveTests.cuh" />
    <CudaCompile Include="Physics\CudaPBD.cu" />
    <CudaCompile Include="Physics\CudaPBD.cuh" />
  </ItemGroup>
</Project>